{
  "version": 4,
  "terraform_version": "1.14.3",
  "serial": 32,
  "lineage": "2f04d5b1-edfb-6038-e385-38ab55ee93a8",
  "outputs": {
    "vm_ips": {
      "value": {
        "k3s-node-0": "192.168.122.10",
        "k3s-node-1": "192.168.122.212",
        "k3s-node-2": "192.168.122.9"
      },
      "type": [
        "object",
        {
          "k3s-node-0": "string",
          "k3s-node-1": "string",
          "k3s-node-2": "string"
        }
      ]
    }
  },
  "resources": [
    {
      "mode": "data",
      "type": "cloudinit_config",
      "name": "commoninit",
      "provider": "provider[\"registry.terraform.io/hashicorp/cloudinit\"]",
      "instances": [
        {
          "index_key": 0,
          "schema_version": 0,
          "attributes": {
            "base64_encode": false,
            "boundary": "MIMEBOUNDARY",
            "gzip": false,
            "id": "224224498",
            "part": [
              {
                "content": "hostname: k3s-node-0\nmanage_etc_hosts: true\nuser: server\nssh_authorized_keys:\n  - ssh-ed25519 AAAAC3NzaC1lZDI1NTE5AAAAIMjAfMvLmlyo2sJC15BFveRGjvzzd4k1u5QuVyLDyKKt kgogov@coca-cola.com\n\nsudo: ALL=(ALL) NOPASSWD:ALL\n\nssh_pwauth: True\nchpasswd:\n  list: |\n    server:fedora\n  expire: False\n\ngrowpart:\n  mode: auto\n  devices: ['/']\n\nruncmd:\n  - [ systemctl, enable, --now, sshd ]",
                "content_type": "text/cloud-config",
                "filename": null,
                "merge_type": null
              }
            ],
            "rendered": "Content-Type: multipart/mixed; boundary=\"MIMEBOUNDARY\"\nMIME-Version: 1.0\r\n\r\n--MIMEBOUNDARY\r\nContent-Transfer-Encoding: 7bit\r\nContent-Type: text/cloud-config\r\nMime-Version: 1.0\r\n\r\nhostname: k3s-node-0\nmanage_etc_hosts: true\nuser: server\nssh_authorized_keys:\n  - ssh-ed25519 AAAAC3NzaC1lZDI1NTE5AAAAIMjAfMvLmlyo2sJC15BFveRGjvzzd4k1u5QuVyLDyKKt kgogov@coca-cola.com\n\nsudo: ALL=(ALL) NOPASSWD:ALL\n\nssh_pwauth: True\nchpasswd:\n  list: |\n    server:fedora\n  expire: False\n\ngrowpart:\n  mode: auto\n  devices: ['/']\n\nruncmd:\n  - [ systemctl, enable, --now, sshd ]\r\n--MIMEBOUNDARY--\r\n"
          },
          "sensitive_attributes": [],
          "identity_schema_version": 0
        },
        {
          "index_key": 1,
          "schema_version": 0,
          "attributes": {
            "base64_encode": false,
            "boundary": "MIMEBOUNDARY",
            "gzip": false,
            "id": "3370808725",
            "part": [
              {
                "content": "hostname: k3s-node-1\nmanage_etc_hosts: true\nuser: server\nssh_authorized_keys:\n  - ssh-ed25519 AAAAC3NzaC1lZDI1NTE5AAAAIMjAfMvLmlyo2sJC15BFveRGjvzzd4k1u5QuVyLDyKKt kgogov@coca-cola.com\n\nsudo: ALL=(ALL) NOPASSWD:ALL\n\nssh_pwauth: True\nchpasswd:\n  list: |\n    server:fedora\n  expire: False\n\ngrowpart:\n  mode: auto\n  devices: ['/']\n\nruncmd:\n  - [ systemctl, enable, --now, sshd ]",
                "content_type": "text/cloud-config",
                "filename": null,
                "merge_type": null
              }
            ],
            "rendered": "Content-Type: multipart/mixed; boundary=\"MIMEBOUNDARY\"\nMIME-Version: 1.0\r\n\r\n--MIMEBOUNDARY\r\nContent-Transfer-Encoding: 7bit\r\nContent-Type: text/cloud-config\r\nMime-Version: 1.0\r\n\r\nhostname: k3s-node-1\nmanage_etc_hosts: true\nuser: server\nssh_authorized_keys:\n  - ssh-ed25519 AAAAC3NzaC1lZDI1NTE5AAAAIMjAfMvLmlyo2sJC15BFveRGjvzzd4k1u5QuVyLDyKKt kgogov@coca-cola.com\n\nsudo: ALL=(ALL) NOPASSWD:ALL\n\nssh_pwauth: True\nchpasswd:\n  list: |\n    server:fedora\n  expire: False\n\ngrowpart:\n  mode: auto\n  devices: ['/']\n\nruncmd:\n  - [ systemctl, enable, --now, sshd ]\r\n--MIMEBOUNDARY--\r\n"
          },
          "sensitive_attributes": [],
          "identity_schema_version": 0
        },
        {
          "index_key": 2,
          "schema_version": 0,
          "attributes": {
            "base64_encode": false,
            "boundary": "MIMEBOUNDARY",
            "gzip": false,
            "id": "1564622973",
            "part": [
              {
                "content": "hostname: k3s-node-2\nmanage_etc_hosts: true\nuser: server\nssh_authorized_keys:\n  - ssh-ed25519 AAAAC3NzaC1lZDI1NTE5AAAAIMjAfMvLmlyo2sJC15BFveRGjvzzd4k1u5QuVyLDyKKt kgogov@coca-cola.com\n\nsudo: ALL=(ALL) NOPASSWD:ALL\n\nssh_pwauth: True\nchpasswd:\n  list: |\n    server:fedora\n  expire: False\n\ngrowpart:\n  mode: auto\n  devices: ['/']\n\nruncmd:\n  - [ systemctl, enable, --now, sshd ]",
                "content_type": "text/cloud-config",
                "filename": null,
                "merge_type": null
              }
            ],
            "rendered": "Content-Type: multipart/mixed; boundary=\"MIMEBOUNDARY\"\nMIME-Version: 1.0\r\n\r\n--MIMEBOUNDARY\r\nContent-Transfer-Encoding: 7bit\r\nContent-Type: text/cloud-config\r\nMime-Version: 1.0\r\n\r\nhostname: k3s-node-2\nmanage_etc_hosts: true\nuser: server\nssh_authorized_keys:\n  - ssh-ed25519 AAAAC3NzaC1lZDI1NTE5AAAAIMjAfMvLmlyo2sJC15BFveRGjvzzd4k1u5QuVyLDyKKt kgogov@coca-cola.com\n\nsudo: ALL=(ALL) NOPASSWD:ALL\n\nssh_pwauth: True\nchpasswd:\n  list: |\n    server:fedora\n  expire: False\n\ngrowpart:\n  mode: auto\n  devices: ['/']\n\nruncmd:\n  - [ systemctl, enable, --now, sshd ]\r\n--MIMEBOUNDARY--\r\n"
          },
          "sensitive_attributes": [],
          "identity_schema_version": 0
        }
      ]
    },
    {
      "mode": "managed",
      "type": "libvirt_cloudinit_disk",
      "name": "commoninit",
      "provider": "provider[\"registry.terraform.io/dmacvicar/libvirt\"]",
      "instances": [
        {
          "index_key": 0,
          "schema_version": 0,
          "attributes": {
            "id": "/var/lib/libvirt/images/commoninit-0.iso;8825ef53-4084-4cf3-9ddd-29485726bb2a",
            "meta_data": "",
            "name": "commoninit-0.iso",
            "network_config": "",
            "pool": "default",
            "user_data": "Content-Type: multipart/mixed; boundary=\"MIMEBOUNDARY\"\nMIME-Version: 1.0\r\n\r\n--MIMEBOUNDARY\r\nContent-Transfer-Encoding: 7bit\r\nContent-Type: text/cloud-config\r\nMime-Version: 1.0\r\n\r\nhostname: k3s-node-0\nmanage_etc_hosts: true\nuser: server\nssh_authorized_keys:\n  - ssh-ed25519 AAAAC3NzaC1lZDI1NTE5AAAAIMjAfMvLmlyo2sJC15BFveRGjvzzd4k1u5QuVyLDyKKt kgogov@coca-cola.com\n\nsudo: ALL=(ALL) NOPASSWD:ALL\n\nssh_pwauth: True\nchpasswd:\n  list: |\n    server:fedora\n  expire: False\n\ngrowpart:\n  mode: auto\n  devices: ['/']\n\nruncmd:\n  - [ systemctl, enable, --now, sshd ]\r\n--MIMEBOUNDARY--\r\n"
          },
          "sensitive_attributes": [],
          "identity_schema_version": 0,
          "private": "bnVsbA==",
          "dependencies": [
            "data.cloudinit_config.commoninit"
          ]
        },
        {
          "index_key": 1,
          "schema_version": 0,
          "attributes": {
            "id": "/var/lib/libvirt/images/commoninit-1.iso;80c2d682-3591-46f4-b13a-2040ed5ce1b9",
            "meta_data": "",
            "name": "commoninit-1.iso",
            "network_config": "",
            "pool": "default",
            "user_data": "Content-Type: multipart/mixed; boundary=\"MIMEBOUNDARY\"\nMIME-Version: 1.0\r\n\r\n--MIMEBOUNDARY\r\nContent-Transfer-Encoding: 7bit\r\nContent-Type: text/cloud-config\r\nMime-Version: 1.0\r\n\r\nhostname: k3s-node-1\nmanage_etc_hosts: true\nuser: server\nssh_authorized_keys:\n  - ssh-ed25519 AAAAC3NzaC1lZDI1NTE5AAAAIMjAfMvLmlyo2sJC15BFveRGjvzzd4k1u5QuVyLDyKKt kgogov@coca-cola.com\n\nsudo: ALL=(ALL) NOPASSWD:ALL\n\nssh_pwauth: True\nchpasswd:\n  list: |\n    server:fedora\n  expire: False\n\ngrowpart:\n  mode: auto\n  devices: ['/']\n\nruncmd:\n  - [ systemctl, enable, --now, sshd ]\r\n--MIMEBOUNDARY--\r\n"
          },
          "sensitive_attributes": [],
          "identity_schema_version": 0,
          "private": "bnVsbA==",
          "dependencies": [
            "data.cloudinit_config.commoninit"
          ]
        },
        {
          "index_key": 2,
          "schema_version": 0,
          "attributes": {
            "id": "/var/lib/libvirt/images/commoninit-2.iso;0de946cc-ae42-4422-9c50-7274e5926443",
            "meta_data": "",
            "name": "commoninit-2.iso",
            "network_config": "",
            "pool": "default",
            "user_data": "Content-Type: multipart/mixed; boundary=\"MIMEBOUNDARY\"\nMIME-Version: 1.0\r\n\r\n--MIMEBOUNDARY\r\nContent-Transfer-Encoding: 7bit\r\nContent-Type: text/cloud-config\r\nMime-Version: 1.0\r\n\r\nhostname: k3s-node-2\nmanage_etc_hosts: true\nuser: server\nssh_authorized_keys:\n  - ssh-ed25519 AAAAC3NzaC1lZDI1NTE5AAAAIMjAfMvLmlyo2sJC15BFveRGjvzzd4k1u5QuVyLDyKKt kgogov@coca-cola.com\n\nsudo: ALL=(ALL) NOPASSWD:ALL\n\nssh_pwauth: True\nchpasswd:\n  list: |\n    server:fedora\n  expire: False\n\ngrowpart:\n  mode: auto\n  devices: ['/']\n\nruncmd:\n  - [ systemctl, enable, --now, sshd ]\r\n--MIMEBOUNDARY--\r\n"
          },
          "sensitive_attributes": [],
          "identity_schema_version": 0,
          "private": "bnVsbA==",
          "dependencies": [
            "data.cloudinit_config.commoninit"
          ]
        }
      ]
    },
    {
      "mode": "managed",
      "type": "libvirt_domain",
      "name": "k3s_node",
      "provider": "provider[\"registry.terraform.io/dmacvicar/libvirt\"]",
      "instances": [
        {
          "index_key": 0,
          "schema_version": 0,
          "attributes": {
            "arch": "x86_64",
            "autostart": false,
            "boot_device": [],
            "cloudinit": "/var/lib/libvirt/images/commoninit-0.iso;8825ef53-4084-4cf3-9ddd-29485726bb2a",
            "cmdline": null,
            "console": [
              {
                "source_host": "127.0.0.1",
                "source_path": "",
                "source_service": "0",
                "target_port": "0",
                "target_type": "serial",
                "type": "pty"
              }
            ],
            "coreos_ignition": null,
            "cpu": [
              {
                "mode": "custom"
              }
            ],
            "description": "",
            "disk": [
              {
                "block_device": "",
                "file": "",
                "scsi": false,
                "url": "",
                "volume_id": "/var/lib/libvirt/images/fedora-node-0.qcow2",
                "wwn": ""
              }
            ],
            "emulator": "/usr/bin/qemu-system-x86_64",
            "filesystem": [],
            "firmware": null,
            "fw_cfg_name": "opt/com.coreos/config",
            "graphics": [
              {
                "autoport": true,
                "listen_address": "127.0.0.1",
                "listen_type": "address",
                "type": "spice",
                "websocket": 0
              }
            ],
            "id": "9975d70f-54d5-4108-9cc9-06601202bac2",
            "initrd": "",
            "kernel": "",
            "machine": "pc",
            "memory": 4096,
            "metadata": null,
            "name": "k3s-node-0",
            "network_interface": [
              {
                "addresses": [
                  "192.168.122.10"
                ],
                "bridge": "",
                "hostname": "",
                "mac": "52:54:00:CA:86:77",
                "macvtap": "",
                "network_id": "fc5eafac-d507-4801-9db1-55f3e1769378",
                "network_name": "default",
                "passthrough": "",
                "vepa": "",
                "wait_for_lease": true
              }
            ],
            "nvram": null,
            "qemu_agent": false,
            "running": true,
            "timeouts": null,
            "tpm": [],
            "type": "kvm",
            "vcpu": 2,
            "video": [],
            "xml": []
          },
          "sensitive_attributes": [],
          "identity_schema_version": 0,
          "private": "eyJlMmJmYjczMC1lY2FhLTExZTYtOGY4OC0zNDM2M2JjN2M0YzAiOnsiY3JlYXRlIjozMDAwMDAwMDAwMDB9fQ==",
          "dependencies": [
            "data.cloudinit_config.commoninit",
            "libvirt_cloudinit_disk.commoninit",
            "libvirt_volume.fedora_volume"
          ]
        },
        {
          "index_key": 1,
          "schema_version": 0,
          "attributes": {
            "arch": "x86_64",
            "autostart": false,
            "boot_device": [],
            "cloudinit": "/var/lib/libvirt/images/commoninit-1.iso;80c2d682-3591-46f4-b13a-2040ed5ce1b9",
            "cmdline": null,
            "console": [
              {
                "source_host": "127.0.0.1",
                "source_path": "",
                "source_service": "0",
                "target_port": "0",
                "target_type": "serial",
                "type": "pty"
              }
            ],
            "coreos_ignition": null,
            "cpu": [
              {
                "mode": "custom"
              }
            ],
            "description": "",
            "disk": [
              {
                "block_device": "",
                "file": "",
                "scsi": false,
                "url": "",
                "volume_id": "/var/lib/libvirt/images/fedora-node-1.qcow2",
                "wwn": ""
              }
            ],
            "emulator": "/usr/bin/qemu-system-x86_64",
            "filesystem": [],
            "firmware": null,
            "fw_cfg_name": "opt/com.coreos/config",
            "graphics": [
              {
                "autoport": true,
                "listen_address": "127.0.0.1",
                "listen_type": "address",
                "type": "spice",
                "websocket": 0
              }
            ],
            "id": "25df944a-a26e-4048-a37c-26df5b9e1c65",
            "initrd": "",
            "kernel": "",
            "machine": "pc",
            "memory": 4096,
            "metadata": null,
            "name": "k3s-node-1",
            "network_interface": [
              {
                "addresses": [
                  "192.168.122.212"
                ],
                "bridge": "",
                "hostname": "",
                "mac": "52:54:00:4A:55:F5",
                "macvtap": "",
                "network_id": "fc5eafac-d507-4801-9db1-55f3e1769378",
                "network_name": "default",
                "passthrough": "",
                "vepa": "",
                "wait_for_lease": true
              }
            ],
            "nvram": null,
            "qemu_agent": false,
            "running": true,
            "timeouts": null,
            "tpm": [],
            "type": "kvm",
            "vcpu": 2,
            "video": [],
            "xml": []
          },
          "sensitive_attributes": [],
          "identity_schema_version": 0,
          "private": "eyJlMmJmYjczMC1lY2FhLTExZTYtOGY4OC0zNDM2M2JjN2M0YzAiOnsiY3JlYXRlIjozMDAwMDAwMDAwMDB9fQ==",
          "dependencies": [
            "data.cloudinit_config.commoninit",
            "libvirt_cloudinit_disk.commoninit",
            "libvirt_volume.fedora_volume"
          ]
        },
        {
          "index_key": 2,
          "schema_version": 0,
          "attributes": {
            "arch": "x86_64",
            "autostart": false,
            "boot_device": [],
            "cloudinit": "/var/lib/libvirt/images/commoninit-2.iso;0de946cc-ae42-4422-9c50-7274e5926443",
            "cmdline": null,
            "console": [
              {
                "source_host": "127.0.0.1",
                "source_path": "",
                "source_service": "0",
                "target_port": "0",
                "target_type": "serial",
                "type": "pty"
              }
            ],
            "coreos_ignition": null,
            "cpu": [
              {
                "mode": "custom"
              }
            ],
            "description": "",
            "disk": [
              {
                "block_device": "",
                "file": "",
                "scsi": false,
                "url": "",
                "volume_id": "/var/lib/libvirt/images/fedora-node-2.qcow2",
                "wwn": ""
              }
            ],
            "emulator": "/usr/bin/qemu-system-x86_64",
            "filesystem": [],
            "firmware": null,
            "fw_cfg_name": "opt/com.coreos/config",
            "graphics": [
              {
                "autoport": true,
                "listen_address": "127.0.0.1",
                "listen_type": "address",
                "type": "spice",
                "websocket": 0
              }
            ],
            "id": "c66ecc93-598d-43e6-bf9a-43db63f90121",
            "initrd": "",
            "kernel": "",
            "machine": "pc",
            "memory": 4096,
            "metadata": null,
            "name": "k3s-node-2",
            "network_interface": [
              {
                "addresses": [
                  "192.168.122.9"
                ],
                "bridge": "",
                "hostname": "",
                "mac": "52:54:00:BE:2F:43",
                "macvtap": "",
                "network_id": "fc5eafac-d507-4801-9db1-55f3e1769378",
                "network_name": "default",
                "passthrough": "",
                "vepa": "",
                "wait_for_lease": true
              }
            ],
            "nvram": null,
            "qemu_agent": false,
            "running": true,
            "timeouts": null,
            "tpm": [],
            "type": "kvm",
            "vcpu": 2,
            "video": [],
            "xml": []
          },
          "sensitive_attributes": [],
          "identity_schema_version": 0,
          "private": "eyJlMmJmYjczMC1lY2FhLTExZTYtOGY4OC0zNDM2M2JjN2M0YzAiOnsiY3JlYXRlIjozMDAwMDAwMDAwMDB9fQ==",
          "dependencies": [
            "data.cloudinit_config.commoninit",
            "libvirt_cloudinit_disk.commoninit",
            "libvirt_volume.fedora_volume"
          ]
        }
      ]
    },
    {
      "mode": "managed",
      "type": "libvirt_volume",
      "name": "fedora_volume",
      "provider": "provider[\"registry.terraform.io/dmacvicar/libvirt\"]",
      "instances": [
        {
          "index_key": 0,
          "schema_version": 0,
          "attributes": {
            "base_volume_id": null,
            "base_volume_name": null,
            "base_volume_pool": null,
            "format": "qcow2",
            "id": "/var/lib/libvirt/images/fedora-node-0.qcow2",
            "name": "fedora-node-0.qcow2",
            "pool": "default",
            "size": 5368709120,
            "source": "https://download.fedoraproject.org/pub/fedora/linux/releases/43/Cloud/x86_64/images/Fedora-Cloud-Base-Generic-43-1.6.x86_64.qcow2",
            "xml": []
          },
          "sensitive_attributes": [],
          "identity_schema_version": 0,
          "private": "bnVsbA=="
        },
        {
          "index_key": 1,
          "schema_version": 0,
          "attributes": {
            "base_volume_id": null,
            "base_volume_name": null,
            "base_volume_pool": null,
            "format": "qcow2",
            "id": "/var/lib/libvirt/images/fedora-node-1.qcow2",
            "name": "fedora-node-1.qcow2",
            "pool": "default",
            "size": 5368709120,
            "source": "https://download.fedoraproject.org/pub/fedora/linux/releases/43/Cloud/x86_64/images/Fedora-Cloud-Base-Generic-43-1.6.x86_64.qcow2",
            "xml": []
          },
          "sensitive_attributes": [],
          "identity_schema_version": 0,
          "private": "bnVsbA=="
        },
        {
          "index_key": 2,
          "schema_version": 0,
          "attributes": {
            "base_volume_id": null,
            "base_volume_name": null,
            "base_volume_pool": null,
            "format": "qcow2",
            "id": "/var/lib/libvirt/images/fedora-node-2.qcow2",
            "name": "fedora-node-2.qcow2",
            "pool": "default",
            "size": 5368709120,
            "source": "https://download.fedoraproject.org/pub/fedora/linux/releases/43/Cloud/x86_64/images/Fedora-Cloud-Base-Generic-43-1.6.x86_64.qcow2",
            "xml": []
          },
          "sensitive_attributes": [],
          "identity_schema_version": 0,
          "private": "bnVsbA=="
        }
      ]
    }
  ],
  "check_results": null
}
